
Microsoft Visual Studio Solution File, Format Version 12.00
# Visual Studio Version 17
VisualStudioVersion = 17.3.32901.215
MinimumVisualStudioVersion = 10.0.40219.1
Project("{FAE04EC0-301F-11D3-BF4B-00C04F79EFBC}") = "98-5", "98-5.csproj", "{FB79044C-7652-4AD2-8121-02618E3DA890}"
EndProject
Global
	GlobalSection(SolutionConfigurationPlatforms) = preSolution
		Debug|Any CPU = Debug|Any CPU
		Release|Any CPU = Release|Any CPU
	EndGlobalSection
	GlobalSection(ProjectConfigurationPlatforms) = postSolution
		{FB79044C-7652-4AD2-8121-02618E3DA890}.Debug|Any CPU.ActiveCfg = Debug|Any CPU
		{FB79044C-7652-4AD2-8121-02618E3DA890}.Debug|Any CPU.Build.0 = Debug|Any CPU
		{FB79044C-7652-4AD2-8121-02618E3DA890}.Release|Any CPU.ActiveCfg = Release|Any CPU
		{FB79044C-7652-4AD2-8121-02618E3DA890}.Release|Any CPU.Build.0 = Release|Any CPU
	EndGlobalSection
	GlobalSection(SolutionProperties) = preSolution
		HideSolutionNode = FALSE
	EndGlobalSection
	GlobalSection(ExtensibilityGlobals) = postSolution
		SolutionGuid = {6C89D908-27FA-4E59-B7D2-E37ABE83A756}
	EndGlobalSection
EndGlobal
