
Microsoft Visual Studio Solution File, Format Version 12.00
# Visual Studio Version 17
VisualStudioVersion = 17.7.34018.315
MinimumVisualStudioVersion = 10.0.40219.1
Project("{FAE04EC0-301F-11D3-BF4B-00C04F79EFBC}") = "93-4", "93-4.csproj", "{A67372E5-8C65-4DA0-AA5C-DDD562C09089}"
EndProject
Global
	GlobalSection(SolutionConfigurationPlatforms) = preSolution
		Debug|Any CPU = Debug|Any CPU
		Release|Any CPU = Release|Any CPU
	EndGlobalSection
	GlobalSection(ProjectConfigurationPlatforms) = postSolution
		{A67372E5-8C65-4DA0-AA5C-DDD562C09089}.Debug|Any CPU.ActiveCfg = Debug|Any CPU
		{A67372E5-8C65-4DA0-AA5C-DDD562C09089}.Debug|Any CPU.Build.0 = Debug|Any CPU
		{A67372E5-8C65-4DA0-AA5C-DDD562C09089}.Release|Any CPU.ActiveCfg = Release|Any CPU
		{A67372E5-8C65-4DA0-AA5C-DDD562C09089}.Release|Any CPU.Build.0 = Release|Any CPU
	EndGlobalSection
	GlobalSection(SolutionProperties) = preSolution
		HideSolutionNode = FALSE
	EndGlobalSection
	GlobalSection(ExtensibilityGlobals) = postSolution
		SolutionGuid = {92A09276-4B5C-49DC-887B-18CF473AF123}
	EndGlobalSection
EndGlobal
