
Microsoft Visual Studio Solution File, Format Version 12.00
# Visual Studio Version 17
VisualStudioVersion = 17.3.32901.215
MinimumVisualStudioVersion = 10.0.40219.1
Project("{FAE04EC0-301F-11D3-BF4B-00C04F79EFBC}") = "111-2", "111-2.csproj", "{D193760B-EDD7-441A-8859-C722D3337A5F}"
EndProject
Global
	GlobalSection(SolutionConfigurationPlatforms) = preSolution
		Debug|Any CPU = Debug|Any CPU
		Release|Any CPU = Release|Any CPU
	EndGlobalSection
	GlobalSection(ProjectConfigurationPlatforms) = postSolution
		{D193760B-EDD7-441A-8859-C722D3337A5F}.Debug|Any CPU.ActiveCfg = Debug|Any CPU
		{D193760B-EDD7-441A-8859-C722D3337A5F}.Debug|Any CPU.Build.0 = Debug|Any CPU
		{D193760B-EDD7-441A-8859-C722D3337A5F}.Release|Any CPU.ActiveCfg = Release|Any CPU
		{D193760B-EDD7-441A-8859-C722D3337A5F}.Release|Any CPU.Build.0 = Release|Any CPU
	EndGlobalSection
	GlobalSection(SolutionProperties) = preSolution
		HideSolutionNode = FALSE
	EndGlobalSection
	GlobalSection(ExtensibilityGlobals) = postSolution
		SolutionGuid = {2A508016-5C0C-4B5E-A8D4-477D37E6EBEF}
	EndGlobalSection
EndGlobal
