
Microsoft Visual Studio Solution File, Format Version 12.00
# Visual Studio Version 17
VisualStudioVersion = 17.7.34018.315
MinimumVisualStudioVersion = 10.0.40219.1
Project("{FAE04EC0-301F-11D3-BF4B-00C04F79EFBC}") = "94-4", "94-4.csproj", "{4BFCD9F8-9DAF-41BA-8BD0-D01A02CEB897}"
EndProject
Global
	GlobalSection(SolutionConfigurationPlatforms) = preSolution
		Debug|Any CPU = Debug|Any CPU
		Release|Any CPU = Release|Any CPU
	EndGlobalSection
	GlobalSection(ProjectConfigurationPlatforms) = postSolution
		{4BFCD9F8-9DAF-41BA-8BD0-D01A02CEB897}.Debug|Any CPU.ActiveCfg = Debug|Any CPU
		{4BFCD9F8-9DAF-41BA-8BD0-D01A02CEB897}.Debug|Any CPU.Build.0 = Debug|Any CPU
		{4BFCD9F8-9DAF-41BA-8BD0-D01A02CEB897}.Release|Any CPU.ActiveCfg = Release|Any CPU
		{4BFCD9F8-9DAF-41BA-8BD0-D01A02CEB897}.Release|Any CPU.Build.0 = Release|Any CPU
	EndGlobalSection
	GlobalSection(SolutionProperties) = preSolution
		HideSolutionNode = FALSE
	EndGlobalSection
	GlobalSection(ExtensibilityGlobals) = postSolution
		SolutionGuid = {D720F968-0F2F-43BA-B5A1-43B2DD9D2316}
	EndGlobalSection
EndGlobal
