
Microsoft Visual Studio Solution File, Format Version 12.00
# Visual Studio Version 17
VisualStudioVersion = 17.7.34018.315
MinimumVisualStudioVersion = 10.0.40219.1
Project("{FAE04EC0-301F-11D3-BF4B-00C04F79EFBC}") = "94-2", "94-2.csproj", "{65DFD9E2-FB2F-405A-9F28-533E3FB6C985}"
EndProject
Global
	GlobalSection(SolutionConfigurationPlatforms) = preSolution
		Debug|Any CPU = Debug|Any CPU
		Release|Any CPU = Release|Any CPU
	EndGlobalSection
	GlobalSection(ProjectConfigurationPlatforms) = postSolution
		{65DFD9E2-FB2F-405A-9F28-533E3FB6C985}.Debug|Any CPU.ActiveCfg = Debug|Any CPU
		{65DFD9E2-FB2F-405A-9F28-533E3FB6C985}.Debug|Any CPU.Build.0 = Debug|Any CPU
		{65DFD9E2-FB2F-405A-9F28-533E3FB6C985}.Release|Any CPU.ActiveCfg = Release|Any CPU
		{65DFD9E2-FB2F-405A-9F28-533E3FB6C985}.Release|Any CPU.Build.0 = Release|Any CPU
	EndGlobalSection
	GlobalSection(SolutionProperties) = preSolution
		HideSolutionNode = FALSE
	EndGlobalSection
	GlobalSection(ExtensibilityGlobals) = postSolution
		SolutionGuid = {B36C2134-2E8D-4E90-9140-7C4310F2AC4F}
	EndGlobalSection
EndGlobal
