
Microsoft Visual Studio Solution File, Format Version 12.00
# Visual Studio Version 17
VisualStudioVersion = 17.7.34018.315
MinimumVisualStudioVersion = 10.0.40219.1
Project("{FAE04EC0-301F-11D3-BF4B-00C04F79EFBC}") = "93-6", "93-6.csproj", "{FBD9B6B5-C6B9-463E-9EC1-DD3C439A9339}"
EndProject
Global
	GlobalSection(SolutionConfigurationPlatforms) = preSolution
		Debug|Any CPU = Debug|Any CPU
		Release|Any CPU = Release|Any CPU
	EndGlobalSection
	GlobalSection(ProjectConfigurationPlatforms) = postSolution
		{FBD9B6B5-C6B9-463E-9EC1-DD3C439A9339}.Debug|Any CPU.ActiveCfg = Debug|Any CPU
		{FBD9B6B5-C6B9-463E-9EC1-DD3C439A9339}.Debug|Any CPU.Build.0 = Debug|Any CPU
		{FBD9B6B5-C6B9-463E-9EC1-DD3C439A9339}.Release|Any CPU.ActiveCfg = Release|Any CPU
		{FBD9B6B5-C6B9-463E-9EC1-DD3C439A9339}.Release|Any CPU.Build.0 = Release|Any CPU
	EndGlobalSection
	GlobalSection(SolutionProperties) = preSolution
		HideSolutionNode = FALSE
	EndGlobalSection
	GlobalSection(ExtensibilityGlobals) = postSolution
		SolutionGuid = {4947BC8D-046D-437C-AE00-7B34125E0CDB}
	EndGlobalSection
EndGlobal
