
Microsoft Visual Studio Solution File, Format Version 12.00
# Visual Studio Version 17
VisualStudioVersion = 17.12.35506.116 d17.12
MinimumVisualStudioVersion = 10.0.40219.1
Project("{FAE04EC0-301F-11D3-BF4B-00C04F79EFBC}") = "鄭宥紘_Q5", "鄭宥紘_Q5.csproj", "{1567C6AF-3D21-4E24-B6FC-063EC7349FDB}"
EndProject
Global
	GlobalSection(SolutionConfigurationPlatforms) = preSolution
		Debug|Any CPU = Debug|Any CPU
		Release|Any CPU = Release|Any CPU
	EndGlobalSection
	GlobalSection(ProjectConfigurationPlatforms) = postSolution
		{1567C6AF-3D21-4E24-B6FC-063EC7349FDB}.Debug|Any CPU.ActiveCfg = Debug|Any CPU
		{1567C6AF-3D21-4E24-B6FC-063EC7349FDB}.Debug|Any CPU.Build.0 = Debug|Any CPU
		{1567C6AF-3D21-4E24-B6FC-063EC7349FDB}.Release|Any CPU.ActiveCfg = Release|Any CPU
		{1567C6AF-3D21-4E24-B6FC-063EC7349FDB}.Release|Any CPU.Build.0 = Release|Any CPU
	EndGlobalSection
	GlobalSection(SolutionProperties) = preSolution
		HideSolutionNode = FALSE
	EndGlobalSection
EndGlobal
